
Microsoft Visual Studio Solution File, Format Version 12.00
# Visual Studio Version 17
VisualStudioVersion = 17.0.32014.148
MinimumVisualStudioVersion = 10.0.40219.1
Project("{FAE04EC0-301F-11D3-BF4B-00C04F79EFBC}") = "PasswordGenerator", "PasswordGenerator\PasswordGenerator.csproj", "{A3AF20BF-09FE-4D34-9A83-E98DC7C9EA91}"
EndProject
Global
	GlobalSection(SolutionConfigurationPlatforms) = preSolution
		Debug|Any CPU = Debug|Any CPU
		Release|Any CPU = Release|Any CPU
	EndGlobalSection
	GlobalSection(ProjectConfigurationPlatforms) = postSolution
		{A3AF20BF-09FE-4D34-9A83-E98DC7C9EA91}.Debug|Any CPU.ActiveCfg = Debug|Any CPU
		{A3AF20BF-09FE-4D34-9A83-E98DC7C9EA91}.Debug|Any CPU.Build.0 = Debug|Any CPU
		{A3AF20BF-09FE-4D34-9A83-E98DC7C9EA91}.Release|Any CPU.ActiveCfg = Release|Any CPU
		{A3AF20BF-09FE-4D34-9A83-E98DC7C9EA91}.Release|Any CPU.Build.0 = Release|Any CPU
	EndGlobalSection
	GlobalSection(SolutionProperties) = preSolution
		HideSolutionNode = FALSE
	EndGlobalSection
	GlobalSection(ExtensibilityGlobals) = postSolution
		SolutionGuid = {0FD420A3-E40A-488A-974E-51EA1FB9C599}
	EndGlobalSection
EndGlobal
